
Microsoft Visual Studio Solution File, Format Version 12.00
# Visual Studio Version 17
VisualStudioVersion = 17.14.36603.0 d17.14
MinimumVisualStudioVersion = 10.0.40219.1
Project("{FAE04EC0-301F-11D3-BF4B-00C04F79EFBC}") = "SidebarGadgetGallery", "SidebarGadgetGallery.csproj", "{4A286334-D2FC-420F-83F5-9456061963F6}"
EndProject
Global
	GlobalSection(SolutionConfigurationPlatforms) = preSolution
		Debug|Any CPU = Debug|Any CPU
		Release|Any CPU = Release|Any CPU
	EndGlobalSection
	GlobalSection(ProjectConfigurationPlatforms) = postSolution
		{4A286334-D2FC-420F-83F5-9456061963F6}.Debug|Any CPU.ActiveCfg = Debug|Any CPU
		{4A286334-D2FC-420F-83F5-9456061963F6}.Debug|Any CPU.Build.0 = Debug|Any CPU
		{4A286334-D2FC-420F-83F5-9456061963F6}.Release|Any CPU.ActiveCfg = Release|Any CPU
		{4A286334-D2FC-420F-83F5-9456061963F6}.Release|Any CPU.Build.0 = Release|Any CPU
	EndGlobalSection
	GlobalSection(SolutionProperties) = preSolution
		HideSolutionNode = FALSE
	EndGlobalSection
	GlobalSection(ExtensibilityGlobals) = postSolution
		SolutionGuid = {DC58F19B-A1AD-430A-A81C-8896F5599599}
	EndGlobalSection
EndGlobal
